
Microsoft Visual Studio Solution File, Format Version 12.00
# Visual Studio Version 17
VisualStudioVersion = 17.2.32630.192
MinimumVisualStudioVersion = 10.0.40219.1
Project("{8BC9CEB8-8B4A-11D0-8D11-00A0C91BC942}") = "Project1", "Project1\Project1.vcxproj", "{487AC638-F9BA-47CE-8792-B449EC3C40C6}"
EndProject
Project("{8BC9CEB8-8B4A-11D0-8D11-00A0C91BC942}") = "Project2", "..\Project2\Project2.vcxproj", "{090A20D3-F2CB-48B5-91D5-5BCC67D3E058}"
EndProject
Global
	GlobalSection(SolutionConfigurationPlatforms) = preSolution
		Debug|x64 = Debug|x64
		Debug|x86 = Debug|x86
		Release|x64 = Release|x64
		Release|x86 = Release|x86
	EndGlobalSection
	GlobalSection(ProjectConfigurationPlatforms) = postSolution
		{487AC638-F9BA-47CE-8792-B449EC3C40C6}.Debug|x64.ActiveCfg = Debug|x64
		{487AC638-F9BA-47CE-8792-B449EC3C40C6}.Debug|x64.Build.0 = Debug|x64
		{487AC638-F9BA-47CE-8792-B449EC3C40C6}.Debug|x86.ActiveCfg = Debug|Win32
		{487AC638-F9BA-47CE-8792-B449EC3C40C6}.Debug|x86.Build.0 = Debug|Win32
		{487AC638-F9BA-47CE-8792-B449EC3C40C6}.Release|x64.ActiveCfg = Release|x64
		{487AC638-F9BA-47CE-8792-B449EC3C40C6}.Release|x64.Build.0 = Release|x64
		{487AC638-F9BA-47CE-8792-B449EC3C40C6}.Release|x86.ActiveCfg = Release|Win32
		{487AC638-F9BA-47CE-8792-B449EC3C40C6}.Release|x86.Build.0 = Release|Win32
		{090A20D3-F2CB-48B5-91D5-5BCC67D3E058}.Debug|x64.ActiveCfg = Debug|x64
		{090A20D3-F2CB-48B5-91D5-5BCC67D3E058}.Debug|x64.Build.0 = Debug|x64
		{090A20D3-F2CB-48B5-91D5-5BCC67D3E058}.Debug|x86.ActiveCfg = Debug|Win32
		{090A20D3-F2CB-48B5-91D5-5BCC67D3E058}.Debug|x86.Build.0 = Debug|Win32
		{090A20D3-F2CB-48B5-91D5-5BCC67D3E058}.Release|x64.ActiveCfg = Release|x64
		{090A20D3-F2CB-48B5-91D5-5BCC67D3E058}.Release|x64.Build.0 = Release|x64
		{090A20D3-F2CB-48B5-91D5-5BCC67D3E058}.Release|x86.ActiveCfg = Release|Win32
		{090A20D3-F2CB-48B5-91D5-5BCC67D3E058}.Release|x86.Build.0 = Release|Win32
	EndGlobalSection
	GlobalSection(SolutionProperties) = preSolution
		HideSolutionNode = FALSE
	EndGlobalSection
	GlobalSection(ExtensibilityGlobals) = postSolution
		SolutionGuid = {B98C663D-0221-475E-ADC2-85D9190C4107}
	EndGlobalSection
EndGlobal
