
Microsoft Visual Studio Solution File, Format Version 12.00
# Visual Studio Version 17
VisualStudioVersion = 17.2.32630.192
MinimumVisualStudioVersion = 10.0.40219.1
Project("{8BC9CEB8-8B4A-11D0-8D11-00A0C91BC942}") = "Project1", "Project1\Project1.vcxproj", "{6E312795-440B-4655-BD7D-4DF7A53AC788}"
EndProject
Project("{8BC9CEB8-8B4A-11D0-8D11-00A0C91BC942}") = "Project2", "..\Project2\Project2.vcxproj", "{E409C046-84B7-4947-BA00-AFAA62CAA010}"
EndProject
Global
	GlobalSection(SolutionConfigurationPlatforms) = preSolution
		Debug|x64 = Debug|x64
		Debug|x86 = Debug|x86
		Release|x64 = Release|x64
		Release|x86 = Release|x86
	EndGlobalSection
	GlobalSection(ProjectConfigurationPlatforms) = postSolution
		{6E312795-440B-4655-BD7D-4DF7A53AC788}.Debug|x64.ActiveCfg = Debug|x64
		{6E312795-440B-4655-BD7D-4DF7A53AC788}.Debug|x64.Build.0 = Debug|x64
		{6E312795-440B-4655-BD7D-4DF7A53AC788}.Debug|x86.ActiveCfg = Debug|Win32
		{6E312795-440B-4655-BD7D-4DF7A53AC788}.Debug|x86.Build.0 = Debug|Win32
		{6E312795-440B-4655-BD7D-4DF7A53AC788}.Release|x64.ActiveCfg = Release|x64
		{6E312795-440B-4655-BD7D-4DF7A53AC788}.Release|x64.Build.0 = Release|x64
		{6E312795-440B-4655-BD7D-4DF7A53AC788}.Release|x86.ActiveCfg = Release|Win32
		{6E312795-440B-4655-BD7D-4DF7A53AC788}.Release|x86.Build.0 = Release|Win32
		{E409C046-84B7-4947-BA00-AFAA62CAA010}.Debug|x64.ActiveCfg = Debug|x64
		{E409C046-84B7-4947-BA00-AFAA62CAA010}.Debug|x64.Build.0 = Debug|x64
		{E409C046-84B7-4947-BA00-AFAA62CAA010}.Debug|x86.ActiveCfg = Debug|Win32
		{E409C046-84B7-4947-BA00-AFAA62CAA010}.Debug|x86.Build.0 = Debug|Win32
		{E409C046-84B7-4947-BA00-AFAA62CAA010}.Release|x64.ActiveCfg = Release|x64
		{E409C046-84B7-4947-BA00-AFAA62CAA010}.Release|x64.Build.0 = Release|x64
		{E409C046-84B7-4947-BA00-AFAA62CAA010}.Release|x86.ActiveCfg = Release|Win32
		{E409C046-84B7-4947-BA00-AFAA62CAA010}.Release|x86.Build.0 = Release|Win32
	EndGlobalSection
	GlobalSection(SolutionProperties) = preSolution
		HideSolutionNode = FALSE
	EndGlobalSection
	GlobalSection(ExtensibilityGlobals) = postSolution
		SolutionGuid = {2FA34C75-8DAE-46E9-A970-4FD71CB42972}
	EndGlobalSection
EndGlobal
